
Microsoft Visual Studio Solution File, Format Version 12.00
# Visual Studio Version 17
VisualStudioVersion = 17.6.33723.286
MinimumVisualStudioVersion = 10.0.40219.1
Project("{8BC9CEB8-8B4A-11D0-8D11-00A0C91BC942}") = "cv_imageProject", "cv_imageProject\cv_imageProject.vcxproj", "{EC99D80B-D49F-408C-B139-5DB5A8509B5E}"
EndProject
Project("{8BC9CEB8-8B4A-11D0-8D11-00A0C91BC942}") = "cv_imageSolution20231203", "cv_imageSolution20231203\cv_imageSolution20231203.vcxproj", "{D2771757-5D84-4012-B24E-087400A098A8}"
EndProject
Project("{8BC9CEB8-8B4A-11D0-8D11-00A0C91BC942}") = "cv_imageSolution20231210", "cv_imageSolution20231210\cv_imageSolution20231210.vcxproj", "{4F9B036E-12A1-4AE0-8582-5E46DF7BC9F2}"
EndProject
Project("{8BC9CEB8-8B4A-11D0-8D11-00A0C91BC942}") = "cv_imageSolution20231224", "cv_imageSolution20231224\cv_imageSolution20231224.vcxproj", "{931C50CC-DCC3-456A-9B2A-163F6692EBE7}"
EndProject
Global
	GlobalSection(SolutionConfigurationPlatforms) = preSolution
		Debug|x64 = Debug|x64
		Debug|x86 = Debug|x86
		Release|x64 = Release|x64
		Release|x86 = Release|x86
	EndGlobalSection
	GlobalSection(ProjectConfigurationPlatforms) = postSolution
		{EC99D80B-D49F-408C-B139-5DB5A8509B5E}.Debug|x64.ActiveCfg = Debug|x64
		{EC99D80B-D49F-408C-B139-5DB5A8509B5E}.Debug|x64.Build.0 = Debug|x64
		{EC99D80B-D49F-408C-B139-5DB5A8509B5E}.Debug|x86.ActiveCfg = Debug|Win32
		{EC99D80B-D49F-408C-B139-5DB5A8509B5E}.Debug|x86.Build.0 = Debug|Win32
		{EC99D80B-D49F-408C-B139-5DB5A8509B5E}.Release|x64.ActiveCfg = Release|x64
		{EC99D80B-D49F-408C-B139-5DB5A8509B5E}.Release|x64.Build.0 = Release|x64
		{EC99D80B-D49F-408C-B139-5DB5A8509B5E}.Release|x86.ActiveCfg = Release|Win32
		{EC99D80B-D49F-408C-B139-5DB5A8509B5E}.Release|x86.Build.0 = Release|Win32
		{D2771757-5D84-4012-B24E-087400A098A8}.Debug|x64.ActiveCfg = Debug|x64
		{D2771757-5D84-4012-B24E-087400A098A8}.Debug|x64.Build.0 = Debug|x64
		{D2771757-5D84-4012-B24E-087400A098A8}.Debug|x86.ActiveCfg = Debug|Win32
		{D2771757-5D84-4012-B24E-087400A098A8}.Debug|x86.Build.0 = Debug|Win32
		{D2771757-5D84-4012-B24E-087400A098A8}.Release|x64.ActiveCfg = Release|x64
		{D2771757-5D84-4012-B24E-087400A098A8}.Release|x64.Build.0 = Release|x64
		{D2771757-5D84-4012-B24E-087400A098A8}.Release|x86.ActiveCfg = Release|Win32
		{D2771757-5D84-4012-B24E-087400A098A8}.Release|x86.Build.0 = Release|Win32
		{4F9B036E-12A1-4AE0-8582-5E46DF7BC9F2}.Debug|x64.ActiveCfg = Debug|x64
		{4F9B036E-12A1-4AE0-8582-5E46DF7BC9F2}.Debug|x64.Build.0 = Debug|x64
		{4F9B036E-12A1-4AE0-8582-5E46DF7BC9F2}.Debug|x86.ActiveCfg = Debug|Win32
		{4F9B036E-12A1-4AE0-8582-5E46DF7BC9F2}.Debug|x86.Build.0 = Debug|Win32
		{4F9B036E-12A1-4AE0-8582-5E46DF7BC9F2}.Release|x64.ActiveCfg = Release|x64
		{4F9B036E-12A1-4AE0-8582-5E46DF7BC9F2}.Release|x64.Build.0 = Release|x64
		{4F9B036E-12A1-4AE0-8582-5E46DF7BC9F2}.Release|x86.ActiveCfg = Release|Win32
		{4F9B036E-12A1-4AE0-8582-5E46DF7BC9F2}.Release|x86.Build.0 = Release|Win32
		{931C50CC-DCC3-456A-9B2A-163F6692EBE7}.Debug|x64.ActiveCfg = Debug|x64
		{931C50CC-DCC3-456A-9B2A-163F6692EBE7}.Debug|x64.Build.0 = Debug|x64
		{931C50CC-DCC3-456A-9B2A-163F6692EBE7}.Debug|x86.ActiveCfg = Debug|Win32
		{931C50CC-DCC3-456A-9B2A-163F6692EBE7}.Debug|x86.Build.0 = Debug|Win32
		{931C50CC-DCC3-456A-9B2A-163F6692EBE7}.Release|x64.ActiveCfg = Release|x64
		{931C50CC-DCC3-456A-9B2A-163F6692EBE7}.Release|x64.Build.0 = Release|x64
		{931C50CC-DCC3-456A-9B2A-163F6692EBE7}.Release|x86.ActiveCfg = Release|Win32
		{931C50CC-DCC3-456A-9B2A-163F6692EBE7}.Release|x86.Build.0 = Release|Win32
	EndGlobalSection
	GlobalSection(SolutionProperties) = preSolution
		HideSolutionNode = FALSE
	EndGlobalSection
	GlobalSection(ExtensibilityGlobals) = postSolution
		SolutionGuid = {C1ECF5F5-1C6B-4D63-9EC4-8856AA9FF802}
	EndGlobalSection
EndGlobal
